hash: 50a07dffb8eee960f436426c9d427b0915666a2ae99fbf63e86fd041922494d2
updated: 2020-04-23T23:02:10.764320869-04:00
imports:
- name: github.com/fatih/color
  version: daf2830f2741ebb735b21709a520c5f37d642d85
- name: github.com/mattn/go-colorable
  version: 4e32bdb9fe4eefa9b10cb112e44debf77784ff7a
- name: github.com/mattn/go-isatty
  version: cb30d6282491c185f77d9bec5d25de1bb61a06bc
- name: github.com/mitchellh/go-homedir
  version: af06845cf3004701891bf4fdb884bfe4920b3727
- name: golang.org/x/crypto
  version: 4bdfaf469ed5a1194e0ec57ec7b1af73991a7ee3
  subpackages:
  - blowfish
  - chacha20
  - curve25519
  - ed25519
  - ed25519/internal/edwards25519
  - internal/subtle
  - poly1305
  - ssh
  - ssh/internal/bcrypt_pbkdf
- name: golang.org/x/sys
  version: 1957bb5e6d1f523308b49060df02171d06ddfc77
  subpackages:
  - cpu
  - unix
- name: gopkg.in/yaml.v2
  version: 53403b58ad1b561927d19068c655246f2db79d48
testImports: []
